{
  "sources": {
    "openstack-block-storage": {
      "path": "."
    },
    "openstack-image": {
      "locked_version": "8.0.0",
      "git": "git://github.com/stackforge/cookbook-openstack-image.git",
      "ref": "900c9eef120e22368bb27062473ae549643e9594"
    },
    "openstack-identity": {
      "locked_version": "8.0.0",
      "git": "git://github.com/stackforge/cookbook-openstack-identity.git",
      "ref": "3b001b7e07758e2c81b5ae4d1bff8e4a1472b24a"
    },
    "openstack-common": {
      "locked_version": "8.0.0",
      "git": "git://github.com/stackforge/cookbook-openstack-common.git",
      "ref": "d5f852daf5d0f3001ddbf1688c43a4bb21e8ca00"
    },
    "apt": {
      "locked_version": "2.3.0"
    },
    "selinux": {
      "locked_version": "0.6.2"
    },
    "python": {
      "locked_version": "1.4.4"
    },
    "build-essential": {
      "locked_version": "1.4.2"
    },
    "yum": {
      "locked_version": "2.4.4"
    },
    "database": {
      "locked_version": "1.4.0"
    },
    "mysql": {
      "locked_version": "3.0.0"
    },
    "openssl": {
      "locked_version": "1.1.0"
    },
    "postgresql": {
      "locked_version": "3.3.4"
    },
    "aws": {
      "locked_version": "1.0.0"
    },
    "xfs": {
      "locked_version": "1.1.0"
    }
  }
}
